[root]
name = "cargo-deps_prune"
version = "0.1.0"
dependencies = [
 "unwrap 1.1.0 (registry+https://github.com/rust-lang/crates.io-index)",
]

[[package]]
name = "unwrap"
version = "1.1.0"
source = "registry+https://github.com/rust-lang/crates.io-index"

[metadata]
"checksum unwrap 1.1.0 (registry+https://github.com/rust-lang/crates.io-index)" = "999361f54269ac2f0832a39b238ffe077ffa15ff7f6f696968a51164eaffa472"
